
Microsoft Visual Studio Solution File, Format Version 12.00
# Visual Studio Version 17
VisualStudioVersion = 17.4.33205.214
MinimumVisualStudioVersion = 10.0.40219.1
Project("{9A19103F-16F7-4668-BE54-9A1E7A4F7556}") = "WinFormsApp3", "WinFormsApp3\WinFormsApp3.csproj", "{ACF7B0CB-7074-4D26-B606-FF0DB32DE96D}"
EndProject
Project("{FAE04EC0-301F-11D3-BF4B-00C04F79EFBC}") = "WinFormsApp3Tests3", "WinFormsApp3Tests3\WinFormsApp3Tests3.csproj", "{47948444-5E9D-4412-9F8C-14D27843FE3B}"
EndProject
Global
	GlobalSection(SolutionConfigurationPlatforms) = preSolution
		Debug|Any CPU = Debug|Any CPU
		Release|Any CPU = Release|Any CPU
	EndGlobalSection
	GlobalSection(ProjectConfigurationPlatforms) = postSolution
		{ACF7B0CB-7074-4D26-B606-FF0DB32DE96D}.Debug|Any CPU.ActiveCfg = Debug|Any CPU
		{ACF7B0CB-7074-4D26-B606-FF0DB32DE96D}.Debug|Any CPU.Build.0 = Debug|Any CPU
		{ACF7B0CB-7074-4D26-B606-FF0DB32DE96D}.Release|Any CPU.ActiveCfg = Release|Any CPU
		{ACF7B0CB-7074-4D26-B606-FF0DB32DE96D}.Release|Any CPU.Build.0 = Release|Any CPU
		{47948444-5E9D-4412-9F8C-14D27843FE3B}.Debug|Any CPU.ActiveCfg = Debug|Any CPU
		{47948444-5E9D-4412-9F8C-14D27843FE3B}.Debug|Any CPU.Build.0 = Debug|Any CPU
		{47948444-5E9D-4412-9F8C-14D27843FE3B}.Release|Any CPU.ActiveCfg = Release|Any CPU
		{47948444-5E9D-4412-9F8C-14D27843FE3B}.Release|Any CPU.Build.0 = Release|Any CPU
	EndGlobalSection
	GlobalSection(SolutionProperties) = preSolution
		HideSolutionNode = FALSE
	EndGlobalSection
	GlobalSection(ExtensibilityGlobals) = postSolution
		SolutionGuid = {FF67BC2D-4D43-4652-9A37-B4793C0EAB5B}
	EndGlobalSection
EndGlobal
